
Microsoft Visual Studio Solution File, Format Version 12.00
# Visual Studio Version 17
VisualStudioVersion = 17.4.33205.214
MinimumVisualStudioVersion = 10.0.40219.1
Project("{FAE04EC0-301F-11D3-BF4B-00C04F79EFBC}") = "HotelListing.API", "HotelListing.API\HotelListing.API.csproj", "{0BCAE9BF-A2CB-41D6-8FFD-B105260816AA}"
EndProject
Project("{FAE04EC0-301F-11D3-BF4B-00C04F79EFBC}") = "HotelListing.MinimalAPI", "HotelListing.MinimalAPI\HotelListing.MinimalAPI.csproj", "{B047F54C-368C-424D-8F5F-BB652426F0B7}"
EndProject
Global
	GlobalSection(SolutionConfigurationPlatforms) = preSolution
		Debug|Any CPU = Debug|Any CPU
		Release|Any CPU = Release|Any CPU
	EndGlobalSection
	GlobalSection(ProjectConfigurationPlatforms) = postSolution
		{0BCAE9BF-A2CB-41D6-8FFD-B105260816AA}.Debug|Any CPU.ActiveCfg = Debug|Any CPU
		{0BCAE9BF-A2CB-41D6-8FFD-B105260816AA}.Debug|Any CPU.Build.0 = Debug|Any CPU
		{0BCAE9BF-A2CB-41D6-8FFD-B105260816AA}.Release|Any CPU.ActiveCfg = Release|Any CPU
		{0BCAE9BF-A2CB-41D6-8FFD-B105260816AA}.Release|Any CPU.Build.0 = Release|Any CPU
		{B047F54C-368C-424D-8F5F-BB652426F0B7}.Debug|Any CPU.ActiveCfg = Debug|Any CPU
		{B047F54C-368C-424D-8F5F-BB652426F0B7}.Debug|Any CPU.Build.0 = Debug|Any CPU
		{B047F54C-368C-424D-8F5F-BB652426F0B7}.Release|Any CPU.ActiveCfg = Release|Any CPU
		{B047F54C-368C-424D-8F5F-BB652426F0B7}.Release|Any CPU.Build.0 = Release|Any CPU
	EndGlobalSection
	GlobalSection(SolutionProperties) = preSolution
		HideSolutionNode = FALSE
	EndGlobalSection
	GlobalSection(ExtensibilityGlobals) = postSolution
		SolutionGuid = {02488CAF-F510-4F3A-98C2-B619D9EB57D8}
	EndGlobalSection
EndGlobal
